{
  "nodes": {
    "agenix": {
      "inputs": {
        "darwin": [],
        "home-manager": "home-manager",
        "nixpkgs": [
          "nixpkgs"
        ],
        "systems": "systems"
      },
      "locked": {
        "lastModified": 1761656077,
        "narHash": "sha256-lsNWuj4Z+pE7s0bd2OKicOFq9bK86JE0ZGeKJbNqb94=",
        "owner": "ryantm",
        "repo": "agenix",
        "rev": "9ba0d85de3eaa7afeab493fed622008b6e4924f5",
        "type": "github"
      },
      "original": {
        "owner": "ryantm",
        "repo": "agenix",
        "type": "github"
      }
    },
    "genshin-fpsunlock": {
      "flake": false,
      "locked": {
        "narHash": "sha256-s6+aepuQl9x2xFhveHFx+6obe0DO2eoE6gPpS3A9w9k=",
        "type": "file",
        "url": "https://codeberg.org/mkrsym1/fpsunlock/releases/download/latest/fpsunlock.exe"
      },
      "original": {
        "type": "file",
        "url": "https://codeberg.org/mkrsym1/fpsunlock/releases/download/latest/fpsunlock.exe"
      }
    },
    "home-manager": {
      "inputs": {
        "nixpkgs": [
          "agenix",
          "nixpkgs"
        ]
      },
      "locked": {
        "lastModified": 1745494811,
        "narHash": "sha256-YZCh2o9Ua1n9uCvrvi5pRxtuVNml8X2a03qIFfRKpFs=",
        "owner": "nix-community",
        "repo": "home-manager",
        "rev": "abfad3d2958c9e6300a883bd443512c55dfeb1be",
        "type": "github"
      },
      "original": {
        "owner": "nix-community",
        "repo": "home-manager",
        "type": "github"
      }
    },
    "home-manager_2": {
      "inputs": {
        "nixpkgs": [
          "nixpkgs"
        ]
      },
      "locked": {
        "lastModified": 1758463745,
        "narHash": "sha256-uhzsV0Q0I9j2y/rfweWeGif5AWe0MGrgZ/3TjpDYdGA=",
        "owner": "nix-community",
        "repo": "home-manager",
        "rev": "3b955f5f0a942f9f60cdc9cacb7844335d0f21c3",
        "type": "github"
      },
      "original": {
        "owner": "nix-community",
        "ref": "release-25.05",
        "repo": "home-manager",
        "type": "github"
      }
    },
    "nix-flatpak": {
      "locked": {
        "lastModified": 1739444422,
        "narHash": "sha256-iAVVHi7X3kWORftY+LVbRiStRnQEob2TULWyjMS6dWg=",
        "owner": "gmodena",
        "repo": "nix-flatpak",
        "rev": "5e54c3ca05a7c7d968ae1ddeabe01d2a9bc1e177",
        "type": "github"
      },
      "original": {
        "owner": "gmodena",
        "ref": "latest",
        "repo": "nix-flatpak",
        "type": "github"
      }
    },
    "nix-index-database": {
      "inputs": {
        "nixpkgs": [
          "nixpkgs"
        ]
      },
      "locked": {
        "lastModified": 1762055842,
        "narHash": "sha256-Pu1v3mlFhRzZiSxVHb2/i/f5yeYyRNqr0RvEUJ4UgHo=",
        "owner": "nix-community",
        "repo": "nix-index-database",
        "rev": "359ff6333a7b0b60819d4c20ed05a3a1f726771f",
        "type": "github"
      },
      "original": {
        "owner": "nix-community",
        "repo": "nix-index-database",
        "type": "github"
      }
    },
    "nixos-avf": {
      "inputs": {
        "nixpkgs": "nixpkgs"
      },
      "locked": {
        "lastModified": 1762220906,
        "narHash": "sha256-KAfIkokYx86S62nfIxzPvCtSrNJIIqWNeBCbtLLb/LM=",
        "type": "tarball",
        "url": "https://github.com/nix-community/nixos-avf/releases/download/nixos-25.05/avf-channel-25.05-aarch64.tar.xz"
      },
      "original": {
        "type": "tarball",
        "url": "https://github.com/nix-community/nixos-avf/releases/download/nixos-25.05/avf-channel-25.05-aarch64.tar.xz"
      }
    },
    "nixos-hardware": {
      "locked": {
        "lastModified": 1762179181,
        "narHash": "sha256-T4+TNfXlF/gHbcNCC2HY7sMGBKgqNzyYeMBWmcbH7/o=",
        "owner": "nixos",
        "repo": "nixos-hardware",
        "rev": "256770618502d2eda892af3ae91da5e386ce9586",
        "type": "github"
      },
      "original": {
        "owner": "nixos",
        "ref": "master",
        "repo": "nixos-hardware",
        "type": "github"
      }
    },
    "nixos-needsreboot": {
      "inputs": {
        "nixpkgs": "nixpkgs_2"
      },
      "locked": {
        "lastModified": 1747839748,
        "narHash": "sha256-WoqPStYVlE+EU2Hm4chd57E8BGvVikCIPa3vnH/N+Qw=",
        "owner": "thefossguy",
        "repo": "nixos-needsreboot",
        "rev": "d0deaf4e1f0a7f5f528ca9f1b96377d2845960cd",
        "type": "github"
      },
      "original": {
        "owner": "thefossguy",
        "repo": "nixos-needsreboot",
        "type": "github"
      }
    },
    "nixpkgs": {
      "locked": {
        "lastModified": 1757545623,
        "narHash": "sha256-mCxPABZ6jRjUQx3bPP4vjA68ETbPLNz9V2pk9tO7pRQ=",
        "owner": "NixOS",
        "repo": "nixpkgs",
        "rev": "8cd5ce828d5d1d16feff37340171a98fc3bf6526",
        "type": "github"
      },
      "original": {
        "owner": "NixOS",
        "ref": "nixos-25.05",
        "repo": "nixpkgs",
        "type": "github"
      }
    },
    "nixpkgs-unstable": {
      "locked": {
        "lastModified": 1762111121,
        "narHash": "sha256-4vhDuZ7OZaZmKKrnDpxLZZpGIJvAeMtK6FKLJYUtAdw=",
        "owner": "nixos",
        "repo": "nixpkgs",
        "rev": "b3d51a0365f6695e7dd5cdf3e180604530ed33b4",
        "type": "github"
      },
      "original": {
        "owner": "nixos",
        "ref": "nixos-unstable",
        "repo": "nixpkgs",
        "type": "github"
      }
    },
    "nixpkgs_2": {
      "locked": {
        "lastModified": 1712867921,
        "narHash": "sha256-edTFV4KldkCMdViC/rmpJa7oLIU8SE/S35lh/ukC7bg=",
        "rev": "51651a540816273b67bc4dedea2d37d116c5f7fe",
        "revCount": 557634,
        "type": "tarball",
        "url": "https://api.flakehub.com/f/pinned/NixOS/nixpkgs/0.2311.557634%2Brev-51651a540816273b67bc4dedea2d37d116c5f7fe/018ed69f-a175-7ab0-bc05-651225022c5a/source.tar.gz"
      },
      "original": {
        "type": "tarball",
        "url": "https://flakehub.com/f/NixOS/nixpkgs/%2A.tar.gz"
      }
    },
    "nixpkgs_3": {
      "locked": {
        "lastModified": 1761999846,
        "narHash": "sha256-IYlYnp4O4dzEpL77BD/lj5NnJy2J8qbHkNSFiPBCbqo=",
        "owner": "nixos",
        "repo": "nixpkgs",
        "rev": "3de8f8d73e35724bf9abef41f1bdbedda1e14a31",
        "type": "github"
      },
      "original": {
        "owner": "nixos",
        "ref": "nixos-25.05",
        "repo": "nixpkgs",
        "type": "github"
      }
    },
    "rofi-adi1090x": {
      "flake": false,
      "locked": {
        "lastModified": 1753542257,
        "narHash": "sha256-iUX0Quae06tGd7gDgXZo1B3KYgPHU+ADPBrowHlv02A=",
        "owner": "adi1090x",
        "repo": "rofi",
        "rev": "093c1a79f58daab358199c4246de50357e5bf462",
        "type": "github"
      },
      "original": {
        "owner": "adi1090x",
        "repo": "rofi",
        "type": "github"
      }
    },
    "root": {
      "inputs": {
        "agenix": "agenix",
        "genshin-fpsunlock": "genshin-fpsunlock",
        "home-manager": "home-manager_2",
        "nix-flatpak": "nix-flatpak",
        "nix-index-database": "nix-index-database",
        "nixos-avf": "nixos-avf",
        "nixos-hardware": "nixos-hardware",
        "nixos-needsreboot": "nixos-needsreboot",
        "nixpkgs": "nixpkgs_3",
        "nixpkgs-unstable": "nixpkgs-unstable",
        "rofi-adi1090x": "rofi-adi1090x",
        "secrets": "secrets"
      }
    },
    "secrets": {
      "flake": false,
      "locked": {
        "lastModified": 1758385399,
        "narHash": "sha256-mSFfbwPshYiEpY6rmLzTLBQIC9biY4kgg7GW3cZ6Ha8=",
        "ref": "refs/heads/master",
        "rev": "157fb5a5644312a9db58f3567bfcb45d4ecca8c9",
        "revCount": 22,
        "type": "git",
        "url": "ssh://git@github.com/esibun/nixos-secrets.git"
      },
      "original": {
        "type": "git",
        "url": "ssh://git@github.com/esibun/nixos-secrets.git"
      }
    },
    "systems": {
      "locked": {
        "lastModified": 1681028828,
        "narHash": "sha256-Vy1rq5AaRuLzOxct8nz4T6wlgyUR7zLU309k9mBC768=",
        "owner": "nix-systems",
        "repo": "default",
        "rev": "da67096a3b9bf56a91d16901293e51ba5b49a27e",
        "type": "github"
      },
      "original": {
        "owner": "nix-systems",
        "repo": "default",
        "type": "github"
      }
    }
  },
  "root": "root",
  "version": 7
}
