{
  "nodes": {
    "agenix": {
      "inputs": {
        "darwin": [],
        "home-manager": "home-manager",
        "nixpkgs": [
          "nixpkgs"
        ],
        "systems": "systems"
      },
      "locked": {
        "lastModified": 1750173260,
        "narHash": "sha256-9P1FziAwl5+3edkfFcr5HeGtQUtrSdk/MksX39GieoA=",
        "owner": "ryantm",
        "repo": "agenix",
        "rev": "531beac616433bac6f9e2a19feb8e99a22a66baf",
        "type": "github"
      },
      "original": {
        "owner": "ryantm",
        "repo": "agenix",
        "type": "github"
      }
    },
    "genshin-fpsunlock": {
      "flake": false,
      "locked": {
        "narHash": "sha256-beukpBGdPEZ4aKfW16VEsROQFWs7Y7x+ggiJOsa3qvg=",
        "type": "file",
        "url": "https://codeberg.org/mkrsym1/fpsunlock/releases/download/latest/fpsunlock.exe"
      },
      "original": {
        "type": "file",
        "url": "https://codeberg.org/mkrsym1/fpsunlock/releases/download/latest/fpsunlock.exe"
      }
    },
    "home-manager": {
      "inputs": {
        "nixpkgs": [
          "agenix",
          "nixpkgs"
        ]
      },
      "locked": {
        "lastModified": 1745494811,
        "narHash": "sha256-YZCh2o9Ua1n9uCvrvi5pRxtuVNml8X2a03qIFfRKpFs=",
        "owner": "nix-community",
        "repo": "home-manager",
        "rev": "abfad3d2958c9e6300a883bd443512c55dfeb1be",
        "type": "github"
      },
      "original": {
        "owner": "nix-community",
        "repo": "home-manager",
        "type": "github"
      }
    },
    "home-manager_2": {
      "inputs": {
        "nixpkgs": [
          "nixpkgs"
        ]
      },
      "locked": {
        "lastModified": 1752208517,
        "narHash": "sha256-aRY1cYOdVdXdNjcL/Twpa27CknO7pVHxooPsBizDraE=",
        "owner": "nix-community",
        "repo": "home-manager",
        "rev": "c6a01e54af81b381695db796a43360bf6db5702f",
        "type": "github"
      },
      "original": {
        "owner": "nix-community",
        "ref": "release-25.05",
        "repo": "home-manager",
        "type": "github"
      }
    },
    "nix-flatpak": {
      "locked": {
        "lastModified": 1739444422,
        "narHash": "sha256-iAVVHi7X3kWORftY+LVbRiStRnQEob2TULWyjMS6dWg=",
        "owner": "gmodena",
        "repo": "nix-flatpak",
        "rev": "5e54c3ca05a7c7d968ae1ddeabe01d2a9bc1e177",
        "type": "github"
      },
      "original": {
        "owner": "gmodena",
        "ref": "latest",
        "repo": "nix-flatpak",
        "type": "github"
      }
    },
    "nix-index-database": {
      "inputs": {
        "nixpkgs": [
          "nixpkgs"
        ]
      },
      "locked": {
        "lastModified": 1752305182,
        "narHash": "sha256-6i4Q68G7wzNq1m2+l3lJUYgGZ9PwULvSVJpRSTTC46o=",
        "owner": "nix-community",
        "repo": "nix-index-database",
        "rev": "ad29e2961dd0d58372384563bf00d510fc9f2e15",
        "type": "github"
      },
      "original": {
        "owner": "nix-community",
        "repo": "nix-index-database",
        "type": "github"
      }
    },
    "nixos-avf": {
      "locked": {
        "lastModified": 1752285557,
        "narHash": "sha256-j779gJoRf08Ejoh4/oMrcnSxW/JKyeDJwtSbLZJPNNI=",
        "type": "tarball",
        "url": "https://github.com/nix-community/nixos-avf/releases/download/nixos-25.05/avf-channel-25.05-aarch64.tar.xz"
      },
      "original": {
        "type": "tarball",
        "url": "https://github.com/nix-community/nixos-avf/releases/download/nixos-25.05/avf-channel-25.05-aarch64.tar.xz"
      }
    },
    "nixos-hardware": {
      "locked": {
        "lastModified": 1752048960,
        "narHash": "sha256-gATnkOe37eeVwKKYCsL+OnS2gU4MmLuZFzzWCtaKLI8=",
        "owner": "nixos",
        "repo": "nixos-hardware",
        "rev": "7ced9122cff2163c6a0212b8d1ec8c33a1660806",
        "type": "github"
      },
      "original": {
        "owner": "nixos",
        "ref": "master",
        "repo": "nixos-hardware",
        "type": "github"
      }
    },
    "nixos-needsreboot": {
      "inputs": {
        "nixpkgs": "nixpkgs"
      },
      "locked": {
        "lastModified": 1747839748,
        "narHash": "sha256-WoqPStYVlE+EU2Hm4chd57E8BGvVikCIPa3vnH/N+Qw=",
        "owner": "thefossguy",
        "repo": "nixos-needsreboot",
        "rev": "d0deaf4e1f0a7f5f528ca9f1b96377d2845960cd",
        "type": "github"
      },
      "original": {
        "owner": "thefossguy",
        "repo": "nixos-needsreboot",
        "type": "github"
      }
    },
    "nixpkgs": {
      "locked": {
        "lastModified": 1712867921,
        "narHash": "sha256-edTFV4KldkCMdViC/rmpJa7oLIU8SE/S35lh/ukC7bg=",
        "rev": "51651a540816273b67bc4dedea2d37d116c5f7fe",
        "revCount": 557634,
        "type": "tarball",
        "url": "https://api.flakehub.com/f/pinned/NixOS/nixpkgs/0.2311.557634%2Brev-51651a540816273b67bc4dedea2d37d116c5f7fe/018ed69f-a175-7ab0-bc05-651225022c5a/source.tar.gz"
      },
      "original": {
        "type": "tarball",
        "url": "https://flakehub.com/f/NixOS/nixpkgs/%2A.tar.gz"
      }
    },
    "nixpkgs-unstable": {
      "locked": {
        "lastModified": 1751984180,
        "narHash": "sha256-LwWRsENAZJKUdD3SpLluwDmdXY9F45ZEgCb0X+xgOL0=",
        "owner": "nixos",
        "repo": "nixpkgs",
        "rev": "9807714d6944a957c2e036f84b0ff8caf9930bc0",
        "type": "github"
      },
      "original": {
        "owner": "nixos",
        "ref": "nixos-unstable",
        "repo": "nixpkgs",
        "type": "github"
      }
    },
    "nixpkgs_2": {
      "locked": {
        "lastModified": 1752162966,
        "narHash": "sha256-3MxxkU8ZXMHXcbFz7UE4M6qnIPTYGcE/7EMqlZNnVDE=",
        "owner": "nixos",
        "repo": "nixpkgs",
        "rev": "10e687235226880ed5e9f33f1ffa71fe60f2638a",
        "type": "github"
      },
      "original": {
        "owner": "nixos",
        "ref": "nixos-25.05",
        "repo": "nixpkgs",
        "type": "github"
      }
    },
    "rofi-adi1090x": {
      "flake": false,
      "locked": {
        "lastModified": 1750950297,
        "narHash": "sha256-yMKpwxdwvp7ryz2XXunbjC/5ud9HHEDzyYRhM540958=",
        "owner": "adi1090x",
        "repo": "rofi",
        "rev": "adfcc0770fa10daec5d87e3fb4ca6acd1d309491",
        "type": "github"
      },
      "original": {
        "owner": "adi1090x",
        "repo": "rofi",
        "type": "github"
      }
    },
    "root": {
      "inputs": {
        "agenix": "agenix",
        "genshin-fpsunlock": "genshin-fpsunlock",
        "home-manager": "home-manager_2",
        "nix-flatpak": "nix-flatpak",
        "nix-index-database": "nix-index-database",
        "nixos-avf": "nixos-avf",
        "nixos-hardware": "nixos-hardware",
        "nixos-needsreboot": "nixos-needsreboot",
        "nixpkgs": "nixpkgs_2",
        "nixpkgs-unstable": "nixpkgs-unstable",
        "rofi-adi1090x": "rofi-adi1090x",
        "secrets": "secrets",
        "xivlauncher-rb": "xivlauncher-rb"
      }
    },
    "secrets": {
      "flake": false,
      "locked": {
        "lastModified": 1752275186,
        "narHash": "sha256-aqFqzx0TDRPVoaaEW+1+VntSlBd32EZguRcK0sZAWXw=",
        "ref": "refs/heads/master",
        "rev": "7d41d98bd0716d67cacb1730b4bc0977ca2b3fd8",
        "revCount": 4,
        "type": "git",
        "url": "ssh://git@github.com/esibun/nixos-secrets.git"
      },
      "original": {
        "type": "git",
        "url": "ssh://git@github.com/esibun/nixos-secrets.git"
      }
    },
    "systems": {
      "locked": {
        "lastModified": 1681028828,
        "narHash": "sha256-Vy1rq5AaRuLzOxct8nz4T6wlgyUR7zLU309k9mBC768=",
        "owner": "nix-systems",
        "repo": "default",
        "rev": "da67096a3b9bf56a91d16901293e51ba5b49a27e",
        "type": "github"
      },
      "original": {
        "owner": "nix-systems",
        "repo": "default",
        "type": "github"
      }
    },
    "xivlauncher-rb": {
      "inputs": {
        "nixpkgs": [
          "nixpkgs"
        ]
      },
      "locked": {
        "lastModified": 1745492941,
        "narHash": "sha256-NeUlC1jFi2V10sA5Vz3e83hpcFOw1ysaejroeINYuH4=",
        "owner": "drakon64",
        "repo": "nixos-xivlauncher-rb",
        "rev": "a4f5639d8ee17cfd27d09b606cfa37a8f4e31422",
        "type": "github"
      },
      "original": {
        "owner": "drakon64",
        "repo": "nixos-xivlauncher-rb",
        "type": "github"
      }
    }
  },
  "root": "root",
  "version": 7
}
